
Microsoft Visual Studio Solution File, Format Version 12.00
# Visual Studio Version 17
VisualStudioVersion = 17.2.32519.379
MinimumVisualStudioVersion = 10.0.40219.1
Project("{8BC9CEB8-8B4A-11D0-8D11-00A0C91BC942}") = "ASM01", "Project1\Project1.vcxproj", "{32B75822-C1DD-4DB1-B870-8945DBDFD326}"
EndProject
Project("{9A19103F-16F7-4668-BE54-9A1E7A4F7556}") = "MemoryScanner", "MemoryScanner\MemoryScanner.csproj", "{DBF4F509-04EA-40B8-AA22-F056BF1FD20A}"
EndProject
Project("{FAE04EC0-301F-11D3-BF4B-00C04F79EFBC}") = "AssaultTrainer", "AssaultTrainer\AssaultTrainer.csproj", "{0C482E32-3A95-4B2B-9EC8-AA25DB6F6464}"
EndProject
Global
	GlobalSection(SolutionConfigurationPlatforms) = preSolution
		Debug|Any CPU = Debug|Any CPU
		Debug|x64 = Debug|x64
		Debug|x86 = Debug|x86
		Release|Any CPU = Release|Any CPU
		Release|x64 = Release|x64
		Release|x86 = Release|x86
	EndGlobalSection
	GlobalSection(ProjectConfigurationPlatforms) = postSolution
		{32B75822-C1DD-4DB1-B870-8945DBDFD326}.Debug|Any CPU.ActiveCfg = Debug|x64
		{32B75822-C1DD-4DB1-B870-8945DBDFD326}.Debug|Any CPU.Build.0 = Debug|x64
		{32B75822-C1DD-4DB1-B870-8945DBDFD326}.Debug|x64.ActiveCfg = Debug|x64
		{32B75822-C1DD-4DB1-B870-8945DBDFD326}.Debug|x64.Build.0 = Debug|x64
		{32B75822-C1DD-4DB1-B870-8945DBDFD326}.Debug|x86.ActiveCfg = Debug|Win32
		{32B75822-C1DD-4DB1-B870-8945DBDFD326}.Debug|x86.Build.0 = Debug|Win32
		{32B75822-C1DD-4DB1-B870-8945DBDFD326}.Release|Any CPU.ActiveCfg = Release|x64
		{32B75822-C1DD-4DB1-B870-8945DBDFD326}.Release|Any CPU.Build.0 = Release|x64
		{32B75822-C1DD-4DB1-B870-8945DBDFD326}.Release|x64.ActiveCfg = Release|x64
		{32B75822-C1DD-4DB1-B870-8945DBDFD326}.Release|x64.Build.0 = Release|x64
		{32B75822-C1DD-4DB1-B870-8945DBDFD326}.Release|x86.ActiveCfg = Release|Win32
		{32B75822-C1DD-4DB1-B870-8945DBDFD326}.Release|x86.Build.0 = Release|Win32
		{DBF4F509-04EA-40B8-AA22-F056BF1FD20A}.Debug|Any CPU.ActiveCfg = Debug|Any CPU
		{DBF4F509-04EA-40B8-AA22-F056BF1FD20A}.Debug|Any CPU.Build.0 = Debug|Any CPU
		{DBF4F509-04EA-40B8-AA22-F056BF1FD20A}.Debug|x64.ActiveCfg = Debug|Any CPU
		{DBF4F509-04EA-40B8-AA22-F056BF1FD20A}.Debug|x64.Build.0 = Debug|Any CPU
		{DBF4F509-04EA-40B8-AA22-F056BF1FD20A}.Debug|x86.ActiveCfg = Debug|Any CPU
		{DBF4F509-04EA-40B8-AA22-F056BF1FD20A}.Debug|x86.Build.0 = Debug|Any CPU
		{DBF4F509-04EA-40B8-AA22-F056BF1FD20A}.Release|Any CPU.ActiveCfg = Release|Any CPU
		{DBF4F509-04EA-40B8-AA22-F056BF1FD20A}.Release|Any CPU.Build.0 = Release|Any CPU
		{DBF4F509-04EA-40B8-AA22-F056BF1FD20A}.Release|x64.ActiveCfg = Release|Any CPU
		{DBF4F509-04EA-40B8-AA22-F056BF1FD20A}.Release|x64.Build.0 = Release|Any CPU
		{DBF4F509-04EA-40B8-AA22-F056BF1FD20A}.Release|x86.ActiveCfg = Release|Any CPU
		{DBF4F509-04EA-40B8-AA22-F056BF1FD20A}.Release|x86.Build.0 = Release|Any CPU
		{0C482E32-3A95-4B2B-9EC8-AA25DB6F6464}.Debug|Any CPU.ActiveCfg = Debug|Any CPU
		{0C482E32-3A95-4B2B-9EC8-AA25DB6F6464}.Debug|Any CPU.Build.0 = Debug|Any CPU
		{0C482E32-3A95-4B2B-9EC8-AA25DB6F6464}.Debug|x64.ActiveCfg = Debug|Any CPU
		{0C482E32-3A95-4B2B-9EC8-AA25DB6F6464}.Debug|x64.Build.0 = Debug|Any CPU
		{0C482E32-3A95-4B2B-9EC8-AA25DB6F6464}.Debug|x86.ActiveCfg = Debug|Any CPU
		{0C482E32-3A95-4B2B-9EC8-AA25DB6F6464}.Debug|x86.Build.0 = Debug|Any CPU
		{0C482E32-3A95-4B2B-9EC8-AA25DB6F6464}.Release|Any CPU.ActiveCfg = Release|Any CPU
		{0C482E32-3A95-4B2B-9EC8-AA25DB6F6464}.Release|Any CPU.Build.0 = Release|Any CPU
		{0C482E32-3A95-4B2B-9EC8-AA25DB6F6464}.Release|x64.ActiveCfg = Release|Any CPU
		{0C482E32-3A95-4B2B-9EC8-AA25DB6F6464}.Release|x64.Build.0 = Release|Any CPU
		{0C482E32-3A95-4B2B-9EC8-AA25DB6F6464}.Release|x86.ActiveCfg = Release|Any CPU
		{0C482E32-3A95-4B2B-9EC8-AA25DB6F6464}.Release|x86.Build.0 = Release|Any CPU
	EndGlobalSection
	GlobalSection(SolutionProperties) = preSolution
		HideSolutionNode = FALSE
	EndGlobalSection
	GlobalSection(ExtensibilityGlobals) = postSolution
		SolutionGuid = {435C7485-05CF-47FD-9FFB-33F4E37EC571}
	EndGlobalSection
EndGlobal
